// !$*UTF8*$!
{
	archiveVersion = 1;
	classes = {
	};
	objectVersion = 56;
	objects = {

/* Begin PBXBuildFile section */
		8A4237072948FB9400147DB7 /* MenuViewController.swift in Sources */ = {isa = PBXBuildFile; fileRef = 8A4237062948FB9400147DB7 /* MenuViewController.swift */; };
		8A4237092948FBAC00147DB7 /* HomeViewController.swift in Sources */ = {isa = PBXBuildFile; fileRef = 8A4237082948FBAC00147DB7 /* HomeViewController.swift */; };
		8A49AFEB2975C577008FAF3F /* PlannerViewController.swift in Sources */ = {isa = PBXBuildFile; fileRef = 8A49AFEA2975C577008FAF3F /* PlannerViewController.swift */; };
		8A84FEEA295B773300A6A6D0 /* MenuState.swift in Sources */ = {isa = PBXBuildFile; fileRef = 8A84FEE9295B773300A6A6D0 /* MenuState.swift */; };
		8A8BFE3C2976BB91001834D6 /* ProcessViewController.swift in Sources */ = {isa = PBXBuildFile; fileRef = 8A8BFE3B2976BB91001834D6 /* ProcessViewController.swift */; };
		8A8BFE3E2976BBA4001834D6 /* SubjectsViewController.swift in Sources */ = {isa = PBXBuildFile; fileRef = 8A8BFE3D2976BBA4001834D6 /* SubjectsViewController.swift */; };
		8A8BFE402976BBB2001834D6 /* TestsViewController.swift in Sources */ = {isa = PBXBuildFile; fileRef = 8A8BFE3F2976BBB2001834D6 /* TestsViewController.swift */; };
		8A8BFE422976BBC5001834D6 /* AchievmentsViewController.swift in Sources */ = {isa = PBXBuildFile; fileRef = 8A8BFE412976BBC5001834D6 /* AchievmentsViewController.swift */; };
		8A8BFE442976BBD5001834D6 /* PaymentsViewController.swift in Sources */ = {isa = PBXBuildFile; fileRef = 8A8BFE432976BBD5001834D6 /* PaymentsViewController.swift */; };
		8A8BFE462976BBE2001834D6 /* ExamsViewController.swift in Sources */ = {isa = PBXBuildFile; fileRef = 8A8BFE452976BBE2001834D6 /* ExamsViewController.swift */; };
		8A8BFE4A2976CDE5001834D6 /* CalendarViewController.swift in Sources */ = {isa = PBXBuildFile; fileRef = 8A8BFE492976CDE5001834D6 /* CalendarViewController.swift */; };
		8A8BFE4D2976D0EA001834D6 /* CalendarView.swift in Sources */ = {isa = PBXBuildFile; fileRef = 8A8BFE4C2976D0EA001834D6 /* CalendarView.swift */; };
		8A8BFE4F2976D496001834D6 /* CalendarHeaderView.swift in Sources */ = {isa = PBXBuildFile; fileRef = 8A8BFE4E2976D496001834D6 /* CalendarHeaderView.swift */; };
		8A8BFE512976DB8B001834D6 /* UIViewExtension.swift in Sources */ = {isa = PBXBuildFile; fileRef = 8A8BFE502976DB8B001834D6 /* UIViewExtension.swift */; };
		8A98DE7D2935139E00C9B91B /* AppDelegate.swift in Sources */ = {isa = PBXBuildFile; fileRef = 8A98DE7C2935139E00C9B91B /* AppDelegate.swift */; };
		8A98DE7F2935139E00C9B91B /* SceneDelegate.swift in Sources */ = {isa = PBXBuildFile; fileRef = 8A98DE7E2935139E00C9B91B /* SceneDelegate.swift */; };
		8A98DE812935139E00C9B91B /* ContainerViewController.swift in Sources */ = {isa = PBXBuildFile; fileRef = 8A98DE802935139E00C9B91B /* ContainerViewController.swift */; };
		8A98DE86293513A100C9B91B /* Assets.xcassets in Resources */ = {isa = PBXBuildFile; fileRef = 8A98DE85293513A100C9B91B /* Assets.xcassets */; };
		8A996A332968B49100EC013F /* MenuView.swift in Sources */ = {isa = PBXBuildFile; fileRef = 8A996A322968B49100EC013F /* MenuView.swift */; };
		8AD3D77329571D88000A4576 /* MenuItem.swift in Sources */ = {isa = PBXBuildFile; fileRef = 8AD3D77229571D88000A4576 /* MenuItem.swift */; };
		8AD3D77D29574B81000A4576 /* LaunchScreen.storyboard in Resources */ = {isa = PBXBuildFile; fileRef = 8AD3D77A29574B81000A4576 /* LaunchScreen.storyboard */; };
		8AD844802954E6570074EC73 /* MenuTableViewCell.swift in Sources */ = {isa = PBXBuildFile; fileRef = 8AD8447F2954E6570074EC73 /* MenuTableViewCell.swift */; };
/* End PBXBuildFile section */

/* Begin PBXFileReference section */
		8A4237062948FB9400147DB7 /* MenuViewController.swift */ = {isa = PBXFileReference; lastKnownFileType = sourcecode.swift; path = MenuViewController.swift; sourceTree = "<group>"; };
		8A4237082948FBAC00147DB7 /* HomeViewController.swift */ = {isa = PBXFileReference; lastKnownFileType = sourcecode.swift; path = HomeViewController.swift; sourceTree = "<group>"; };
		8A49AFEA2975C577008FAF3F /* PlannerViewController.swift */ = {isa = PBXFileReference; lastKnownFileType = sourcecode.swift; path = PlannerViewController.swift; sourceTree = "<group>"; };
		8A84FEE9295B773300A6A6D0 /* MenuState.swift */ = {isa = PBXFileReference; lastKnownFileType = sourcecode.swift; path = MenuState.swift; sourceTree = "<group>"; };
		8A8BFE3B2976BB91001834D6 /* ProcessViewController.swift */ = {isa = PBXFileReference; lastKnownFileType = sourcecode.swift; path = ProcessViewController.swift; sourceTree = "<group>"; };
		8A8BFE3D2976BBA4001834D6 /* SubjectsViewController.swift */ = {isa = PBXFileReference; lastKnownFileType = sourcecode.swift; path = SubjectsViewController.swift; sourceTree = "<group>"; };
		8A8BFE3F2976BBB2001834D6 /* TestsViewController.swift */ = {isa = PBXFileReference; lastKnownFileType = sourcecode.swift; path = TestsViewController.swift; sourceTree = "<group>"; };
		8A8BFE412976BBC5001834D6 /* AchievmentsViewController.swift */ = {isa = PBXFileReference; lastKnownFileType = sourcecode.swift; path = AchievmentsViewController.swift; sourceTree = "<group>"; };
		8A8BFE432976BBD5001834D6 /* PaymentsViewController.swift */ = {isa = PBXFileReference; lastKnownFileType = sourcecode.swift; path = PaymentsViewController.swift; sourceTree = "<group>"; };
		8A8BFE452976BBE2001834D6 /* ExamsViewController.swift */ = {isa = PBXFileReference; lastKnownFileType = sourcecode.swift; path = ExamsViewController.swift; sourceTree = "<group>"; };
		8A8BFE492976CDE5001834D6 /* CalendarViewController.swift */ = {isa = PBXFileReference; lastKnownFileType = sourcecode.swift; path = CalendarViewController.swift; sourceTree = "<group>"; };
		8A8BFE4C2976D0EA001834D6 /* CalendarView.swift */ = {isa = PBXFileReference; lastKnownFileType = sourcecode.swift; path = CalendarView.swift; sourceTree = "<group>"; };
		8A8BFE4E2976D496001834D6 /* CalendarHeaderView.swift */ = {isa = PBXFileReference; lastKnownFileType = sourcecode.swift; path = CalendarHeaderView.swift; sourceTree = "<group>"; };
		8A8BFE502976DB8B001834D6 /* UIViewExtension.swift */ = {isa = PBXFileReference; lastKnownFileType = sourcecode.swift; path = UIViewExtension.swift; sourceTree = "<group>"; };
		8A98DE792935139E00C9B91B /* EiropasSkola.app */ = {isa = PBXFileReference; explicitFileType = wrapper.application; includeInIndex = 0; path = EiropasSkola.app; sourceTree = BUILT_PRODUCTS_DIR; };
		8A98DE7C2935139E00C9B91B /* AppDelegate.swift */ = {isa = PBXFileReference; lastKnownFileType = sourcecode.swift; path = AppDelegate.swift; sourceTree = "<group>"; };
		8A98DE7E2935139E00C9B91B /* SceneDelegate.swift */ = {isa = PBXFileReference; lastKnownFileType = sourcecode.swift; path = SceneDelegate.swift; sourceTree = "<group>"; };
		8A98DE802935139E00C9B91B /* ContainerViewController.swift */ = {isa = PBXFileReference; lastKnownFileType = sourcecode.swift; path = ContainerViewController.swift; sourceTree = "<group>"; };
		8A98DE85293513A100C9B91B /* Assets.xcassets */ = {isa = PBXFileReference; lastKnownFileType = folder.assetcatalog; path = Assets.xcassets; sourceTree = "<group>"; };
		8A98DE8A293513A100C9B91B /* Info.plist */ = {isa = PBXFileReference; lastKnownFileType = text.plist.xml; path = Info.plist; sourceTree = "<group>"; };
		8A996A322968B49100EC013F /* MenuView.swift */ = {isa = PBXFileReference; lastKnownFileType = sourcecode.swift; path = MenuView.swift; sourceTree = "<group>"; };
		8AD3D77229571D88000A4576 /* MenuItem.swift */ = {isa = PBXFileReference; lastKnownFileType = sourcecode.swift; path = MenuItem.swift; sourceTree = "<group>"; };
		8AD3D77B29574B81000A4576 /* Base */ = {isa = PBXFileReference; lastKnownFileType = file.storyboard; name = Base; path = Base.lproj/LaunchScreen.storyboard; sourceTree = "<group>"; };
		8AD8447F2954E6570074EC73 /* MenuTableViewCell.swift */ = {isa = PBXFileReference; lastKnownFileType = sourcecode.swift; path = MenuTableViewCell.swift; sourceTree = "<group>"; };
/* End PBXFileReference section */

/* Begin PBXFrameworksBuildPhase section */
		8A98DE762935139E00C9B91B /* Frameworks */ = {
			isa = PBXFrameworksBuildPhase;
			buildActionMask = 2147483647;
			files = (
			);
			runOnlyForDeploymentPostprocessing = 0;
		};
/* End PBXFrameworksBuildPhase section */

/* Begin PBXGroup section */
		8A4237052948FAEE00147DB7 /* controllers */ = {
			isa = PBXGroup;
			children = (
				8A8BFE472976CBC0001834D6 /* core */,
				8A8BFE482976CBE5001834D6 /* pages */,
			);
			path = controllers;
			sourceTree = "<group>";
		};
		8A8BFE472976CBC0001834D6 /* core */ = {
			isa = PBXGroup;
			children = (
				8A98DE802935139E00C9B91B /* ContainerViewController.swift */,
				8A4237062948FB9400147DB7 /* MenuViewController.swift */,
				8A4237082948FBAC00147DB7 /* HomeViewController.swift */,
			);
			path = core;
			sourceTree = "<group>";
		};
		8A8BFE482976CBE5001834D6 /* pages */ = {
			isa = PBXGroup;
			children = (
				8A8BFE412976BBC5001834D6 /* AchievmentsViewController.swift */,
				8A8BFE492976CDE5001834D6 /* CalendarViewController.swift */,
				8A8BFE452976BBE2001834D6 /* ExamsViewController.swift */,
				8A8BFE432976BBD5001834D6 /* PaymentsViewController.swift */,
				8A49AFEA2975C577008FAF3F /* PlannerViewController.swift */,
				8A8BFE3B2976BB91001834D6 /* ProcessViewController.swift */,
				8A8BFE3D2976BBA4001834D6 /* SubjectsViewController.swift */,
				8A8BFE3F2976BBB2001834D6 /* TestsViewController.swift */,
			);
			path = pages;
			sourceTree = "<group>";
		};
		8A8BFE4B2976D0C4001834D6 /* calendar */ = {
			isa = PBXGroup;
			children = (
				8A8BFE4C2976D0EA001834D6 /* CalendarView.swift */,
				8A8BFE4E2976D496001834D6 /* CalendarHeaderView.swift */,
			);
			path = calendar;
			sourceTree = "<group>";
		};
		8A98DE702935139E00C9B91B = {
			isa = PBXGroup;
			children = (
				8A98DE7B2935139E00C9B91B /* EiropasSkola */,
				8A98DE7A2935139E00C9B91B /* Products */,
			);
			sourceTree = "<group>";
		};
		8A98DE7A2935139E00C9B91B /* Products */ = {
			isa = PBXGroup;
			children = (
				8A98DE792935139E00C9B91B /* EiropasSkola.app */,
			);
			name = Products;
			sourceTree = "<group>";
		};
		8A98DE7B2935139E00C9B91B /* EiropasSkola */ = {
			isa = PBXGroup;
			children = (
				8AD3D775295726AD000A4576 /* resources */,
				8AD3D77129571D6D000A4576 /* models */,
				8AD8447E2954E6360074EC73 /* views */,
				8A4237052948FAEE00147DB7 /* controllers */,
				8A98DE8A293513A100C9B91B /* Info.plist */,
			);
			path = EiropasSkola;
			sourceTree = "<group>";
		};
		8AD3D77129571D6D000A4576 /* models */ = {
			isa = PBXGroup;
			children = (
				8AD3D7742957267B000A4576 /* menu */,
			);
			path = models;
			sourceTree = "<group>";
		};
		8AD3D7742957267B000A4576 /* menu */ = {
			isa = PBXGroup;
			children = (
				8A84FEE9295B773300A6A6D0 /* MenuState.swift */,
				8AD3D77229571D88000A4576 /* MenuItem.swift */,
			);
			path = menu;
			sourceTree = "<group>";
		};
		8AD3D775295726AD000A4576 /* resources */ = {
			isa = PBXGroup;
			children = (
				8AD3D77A29574B81000A4576 /* LaunchScreen.storyboard */,
				8A98DE7C2935139E00C9B91B /* AppDelegate.swift */,
				8A98DE7E2935139E00C9B91B /* SceneDelegate.swift */,
				8A98DE85293513A100C9B91B /* Assets.xcassets */,
				8A8BFE502976DB8B001834D6 /* UIViewExtension.swift */,
			);
			path = resources;
			sourceTree = "<group>";
		};
		8AD3D77E295750EF000A4576 /* menu */ = {
			isa = PBXGroup;
			children = (
				8AD8447F2954E6570074EC73 /* MenuTableViewCell.swift */,
				8A996A322968B49100EC013F /* MenuView.swift */,
			);
			path = menu;
			sourceTree = "<group>";
		};
		8AD8447E2954E6360074EC73 /* views */ = {
			isa = PBXGroup;
			children = (
				8A8BFE4B2976D0C4001834D6 /* calendar */,
				8AD3D77E295750EF000A4576 /* menu */,
			);
			path = views;
			sourceTree = "<group>";
		};
/* End PBXGroup section */

/* Begin PBXNativeTarget section */
		8A98DE782935139E00C9B91B /* EiropasSkola */ = {
			isa = PBXNativeTarget;
			buildConfigurationList = 8A98DE8D293513A100C9B91B /* Build configuration list for PBXNativeTarget "EiropasSkola" */;
			buildPhases = (
				8A98DE752935139E00C9B91B /* Sources */,
				8A98DE762935139E00C9B91B /* Frameworks */,
				8A98DE772935139E00C9B91B /* Resources */,
			);
			buildRules = (
			);
			dependencies = (
			);
			name = EiropasSkola;
			productName = EiropasSkola;
			productReference = 8A98DE792935139E00C9B91B /* EiropasSkola.app */;
			productType = "com.apple.product-type.application";
		};
/* End PBXNativeTarget section */

/* Begin PBXProject section */
		8A98DE712935139E00C9B91B /* Project object */ = {
			isa = PBXProject;
			attributes = {
				BuildIndependentTargetsInParallel = 1;
				LastSwiftUpdateCheck = 1410;
				LastUpgradeCheck = 1410;
				TargetAttributes = {
					8A98DE782935139E00C9B91B = {
						CreatedOnToolsVersion = 14.1;
					};
				};
			};
			buildConfigurationList = 8A98DE742935139E00C9B91B /* Build configuration list for PBXProject "EiropasSkola" */;
			compatibilityVersion = "Xcode 14.0";
			developmentRegion = en;
			hasScannedForEncodings = 0;
			knownRegions = (
				en,
				Base,
			);
			mainGroup = 8A98DE702935139E00C9B91B;
			productRefGroup = 8A98DE7A2935139E00C9B91B /* Products */;
			projectDirPath = "";
			projectRoot = "";
			targets = (
				8A98DE782935139E00C9B91B /* EiropasSkola */,
			);
		};
/* End PBXProject section */

/* Begin PBXResourcesBuildPhase section */
		8A98DE772935139E00C9B91B /* Resources */ = {
			isa = PBXResourcesBuildPhase;
			buildActionMask = 2147483647;
			files = (
				8AD3D77D29574B81000A4576 /* LaunchScreen.storyboard in Resources */,
				8A98DE86293513A100C9B91B /* Assets.xcassets in Resources */,
			);
			runOnlyForDeploymentPostprocessing = 0;
		};
/* End PBXResourcesBuildPhase section */

/* Begin PBXSourcesBuildPhase section */
		8A98DE752935139E00C9B91B /* Sources */ = {
			isa = PBXSourcesBuildPhase;
			buildActionMask = 2147483647;
			files = (
				8A8BFE442976BBD5001834D6 /* PaymentsViewController.swift in Sources */,
				8A8BFE462976BBE2001834D6 /* ExamsViewController.swift in Sources */,
				8A8BFE4A2976CDE5001834D6 /* CalendarViewController.swift in Sources */,
				8A4237092948FBAC00147DB7 /* HomeViewController.swift in Sources */,
				8AD3D77329571D88000A4576 /* MenuItem.swift in Sources */,
				8A98DE812935139E00C9B91B /* ContainerViewController.swift in Sources */,
				8A98DE7D2935139E00C9B91B /* AppDelegate.swift in Sources */,
				8A996A332968B49100EC013F /* MenuView.swift in Sources */,
				8A8BFE402976BBB2001834D6 /* TestsViewController.swift in Sources */,
				8A8BFE3E2976BBA4001834D6 /* SubjectsViewController.swift in Sources */,
				8A8BFE512976DB8B001834D6 /* UIViewExtension.swift in Sources */,
				8A8BFE4F2976D496001834D6 /* CalendarHeaderView.swift in Sources */,
				8AD844802954E6570074EC73 /* MenuTableViewCell.swift in Sources */,
				8A8BFE422976BBC5001834D6 /* AchievmentsViewController.swift in Sources */,
				8A84FEEA295B773300A6A6D0 /* MenuState.swift in Sources */,
				8A49AFEB2975C577008FAF3F /* PlannerViewController.swift in Sources */,
				8A8BFE4D2976D0EA001834D6 /* CalendarView.swift in Sources */,
				8A98DE7F2935139E00C9B91B /* SceneDelegate.swift in Sources */,
				8A4237072948FB9400147DB7 /* MenuViewController.swift in Sources */,
				8A8BFE3C2976BB91001834D6 /* ProcessViewController.swift in Sources */,
			);
			runOnlyForDeploymentPostprocessing = 0;
		};
/* End PBXSourcesBuildPhase section */

/* Begin PBXVariantGroup section */
		8AD3D77A29574B81000A4576 /* LaunchScreen.storyboard */ = {
			isa = PBXVariantGroup;
			children = (
				8AD3D77B29574B81000A4576 /* Base */,
			);
			name = LaunchScreen.storyboard;
			sourceTree = "<group>";
		};
/* End PBXVariantGroup section */

/* Begin XCBuildConfiguration section */
		8A98DE8B293513A100C9B91B /* Debug */ = {
			isa = XCBuildConfiguration;
			buildSettings = {
				ALWAYS_SEARCH_USER_PATHS = NO;
				CLANG_ANALYZER_NONNULL = YES;
				CLANG_ANALYZER_NUMBER_OBJECT_CONVERSION = YES_AGGRESSIVE;
				CLANG_CXX_LANGUAGE_STANDARD = "gnu++20";
				CLANG_ENABLE_MODULES = YES;
				CLANG_ENABLE_OBJC_ARC = YES;
				CLANG_ENABLE_OBJC_WEAK = YES;
				CLANG_WARN_BLOCK_CAPTURE_AUTORELEASING = YES;
				CLANG_WARN_BOOL_CONVERSION = YES;
				CLANG_WARN_COMMA = YES;
				CLANG_WARN_CONSTANT_CONVERSION = YES;
				CLANG_WARN_DEPRECATED_OBJC_IMPLEMENTATIONS = YES;
				CLANG_WARN_DIRECT_OBJC_ISA_USAGE = YES_ERROR;
				CLANG_WARN_DOCUMENTATION_COMMENTS = YES;
				CLANG_WARN_EMPTY_BODY = YES;
				CLANG_WARN_ENUM_CONVERSION = YES;
				CLANG_WARN_INFINITE_RECURSION = YES;
				CLANG_WARN_INT_CONVERSION = YES;
				CLANG_WARN_NON_LITERAL_NULL_CONVERSION = YES;
				CLANG_WARN_OBJC_IMPLICIT_RETAIN_SELF = YES;
				CLANG_WARN_OBJC_LITERAL_CONVERSION = YES;
				CLANG_WARN_OBJC_ROOT_CLASS = YES_ERROR;
				CLANG_WARN_QUOTED_INCLUDE_IN_FRAMEWORK_HEADER = YES;
				CLANG_WARN_RANGE_LOOP_ANALYSIS = YES;
				CLANG_WARN_STRICT_PROTOTYPES = YES;
				CLANG_WARN_SUSPICIOUS_MOVE = YES;
				CLANG_WARN_UNGUARDED_AVAILABILITY = YES_AGGRESSIVE;
				CLANG_WARN_UNREACHABLE_CODE = YES;
				CLANG_WARN__DUPLICATE_METHOD_MATCH = YES;
				COPY_PHASE_STRIP = NO;
				DEBUG_INFORMATION_FORMAT = dwarf;
				ENABLE_STRICT_OBJC_MSGSEND = YES;
				ENABLE_TESTABILITY = YES;
				GCC_C_LANGUAGE_STANDARD = gnu11;
				GCC_DYNAMIC_NO_PIC = NO;
				GCC_NO_COMMON_BLOCKS = YES;
				GCC_OPTIMIZATION_LEVEL = 0;
				GCC_PREPROCESSOR_DEFINITIONS = (
					"DEBUG=1",
					"$(inherited)",
				);
				GCC_WARN_64_TO_32_BIT_CONVERSION = YES;
				GCC_WARN_ABOUT_RETURN_TYPE = YES_ERROR;
				GCC_WARN_UNDECLARED_SELECTOR = YES;
				GCC_WARN_UNINITIALIZED_AUTOS = YES_AGGRESSIVE;
				GCC_WARN_UNUSED_FUNCTION = YES;
				GCC_WARN_UNUSED_VARIABLE = YES;
				IPHONEOS_DEPLOYMENT_TARGET = 16.1;
				MTL_ENABLE_DEBUG_INFO = INCLUDE_SOURCE;
				MTL_FAST_MATH = YES;
				ONLY_ACTIVE_ARCH = YES;
				SDKROOT = iphoneos;
				SWIFT_ACTIVE_COMPILATION_CONDITIONS = DEBUG;
				SWIFT_OPTIMIZATION_LEVEL = "-Onone";
			};
			name = Debug;
		};
		8A98DE8C293513A100C9B91B /* Release */ = {
			isa = XCBuildConfiguration;
			buildSettings = {
				ALWAYS_SEARCH_USER_PATHS = NO;
				CLANG_ANALYZER_NONNULL = YES;
				CLANG_ANALYZER_NUMBER_OBJECT_CONVERSION = YES_AGGRESSIVE;
				CLANG_CXX_LANGUAGE_STANDARD = "gnu++20";
				CLANG_ENABLE_MODULES = YES;
				CLANG_ENABLE_OBJC_ARC = YES;
				CLANG_ENABLE_OBJC_WEAK = YES;
				CLANG_WARN_BLOCK_CAPTURE_AUTORELEASING = YES;
				CLANG_WARN_BOOL_CONVERSION = YES;
				CLANG_WARN_COMMA = YES;
				CLANG_WARN_CONSTANT_CONVERSION = YES;
				CLANG_WARN_DEPRECATED_OBJC_IMPLEMENTATIONS = YES;
				CLANG_WARN_DIRECT_OBJC_ISA_USAGE = YES_ERROR;
				CLANG_WARN_DOCUMENTATION_COMMENTS = YES;
				CLANG_WARN_EMPTY_BODY = YES;
				CLANG_WARN_ENUM_CONVERSION = YES;
				CLANG_WARN_INFINITE_RECURSION = YES;
				CLANG_WARN_INT_CONVERSION = YES;
				CLANG_WARN_NON_LITERAL_NULL_CONVERSION = YES;
				CLANG_WARN_OBJC_IMPLICIT_RETAIN_SELF = YES;
				CLANG_WARN_OBJC_LITERAL_CONVERSION = YES;
				CLANG_WARN_OBJC_ROOT_CLASS = YES_ERROR;
				CLANG_WARN_QUOTED_INCLUDE_IN_FRAMEWORK_HEADER = YES;
				CLANG_WARN_RANGE_LOOP_ANALYSIS = YES;
				CLANG_WARN_STRICT_PROTOTYPES = YES;
				CLANG_WARN_SUSPICIOUS_MOVE = YES;
				CLANG_WARN_UNGUARDED_AVAILABILITY = YES_AGGRESSIVE;
				CLANG_WARN_UNREACHABLE_CODE = YES;
				CLANG_WARN__DUPLICATE_METHOD_MATCH = YES;
				COPY_PHASE_STRIP = NO;
				DEBUG_INFORMATION_FORMAT = "dwarf-with-dsym";
				ENABLE_NS_ASSERTIONS = NO;
				ENABLE_STRICT_OBJC_MSGSEND = YES;
				GCC_C_LANGUAGE_STANDARD = gnu11;
				GCC_NO_COMMON_BLOCKS = YES;
				GCC_WARN_64_TO_32_BIT_CONVERSION = YES;
				GCC_WARN_ABOUT_RETURN_TYPE = YES_ERROR;
				GCC_WARN_UNDECLARED_SELECTOR = YES;
				GCC_WARN_UNINITIALIZED_AUTOS = YES_AGGRESSIVE;
				GCC_WARN_UNUSED_FUNCTION = YES;
				GCC_WARN_UNUSED_VARIABLE = YES;
				IPHONEOS_DEPLOYMENT_TARGET = 16.1;
				MTL_ENABLE_DEBUG_INFO = NO;
				MTL_FAST_MATH = YES;
				SDKROOT = iphoneos;
				SWIFT_COMPILATION_MODE = wholemodule;
				SWIFT_OPTIMIZATION_LEVEL = "-O";
				VALIDATE_PRODUCT = YES;
			};
			name = Release;
		};
		8A98DE8E293513A100C9B91B /* Debug */ = {
			isa = XCBuildConfiguration;
			buildSettings = {
				ASSETCATALOG_COMPILER_APPICON_NAME = AppIcon;
				ASSETCATALOG_COMPILER_GLOBAL_ACCENT_COLOR_NAME = AccentColor;
				CODE_SIGN_STYLE = Automatic;
				CURRENT_PROJECT_VERSION = 1;
				GENERATE_INFOPLIST_FILE = YES;
				INFOPLIST_FILE = EiropasSkola/Info.plist;
				INFOPLIST_KEY_LSApplicationCategoryType = "public.app-category.education";
				INFOPLIST_KEY_UIApplicationSupportsIndirectInputEvents = YES;
				INFOPLIST_KEY_UILaunchStoryboardName = LaunchScreen;
				INFOPLIST_KEY_UIMainStoryboardFile = "";
				INFOPLIST_KEY_UISupportedInterfaceOrientations_iPad = "UIInterfaceOrientationPortrait UIInterfaceOrientationPortraitUpsideDown UIInterfaceOrientationLandscapeLeft UIInterfaceOrientationLandscapeRight";
				INFOPLIST_KEY_UISupportedInterfaceOrientations_iPhone = "UIInterfaceOrientationPortrait UIInterfaceOrientationLandscapeLeft UIInterfaceOrientationLandscapeRight";
				IPHONEOS_DEPLOYMENT_TARGET = 14.0;
				LD_RUNPATH_SEARCH_PATHS = (
					"$(inherited)",
					"@executable_path/Frameworks",
				);
				MARKETING_VERSION = 1.0;
				PRODUCT_BUNDLE_IDENTIFIER = ETV.EiropasSkola;
				PRODUCT_NAME = "$(TARGET_NAME)";
				SWIFT_EMIT_LOC_STRINGS = YES;
				SWIFT_VERSION = 5.0;
				TARGETED_DEVICE_FAMILY = "1,2";
			};
			name = Debug;
		};
		8A98DE8F293513A100C9B91B /* Release */ = {
			isa = XCBuildConfiguration;
			buildSettings = {
				ASSETCATALOG_COMPILER_APPICON_NAME = AppIcon;
				ASSETCATALOG_COMPILER_GLOBAL_ACCENT_COLOR_NAME = AccentColor;
				CODE_SIGN_STYLE = Automatic;
				CURRENT_PROJECT_VERSION = 1;
				GENERATE_INFOPLIST_FILE = YES;
				INFOPLIST_FILE = EiropasSkola/Info.plist;
				INFOPLIST_KEY_LSApplicationCategoryType = "public.app-category.education";
				INFOPLIST_KEY_UIApplicationSupportsIndirectInputEvents = YES;
				INFOPLIST_KEY_UILaunchStoryboardName = LaunchScreen;
				INFOPLIST_KEY_UIMainStoryboardFile = "";
				INFOPLIST_KEY_UISupportedInterfaceOrientations_iPad = "UIInterfaceOrientationPortrait UIInterfaceOrientationPortraitUpsideDown UIInterfaceOrientationLandscapeLeft UIInterfaceOrientationLandscapeRight";
				INFOPLIST_KEY_UISupportedInterfaceOrientations_iPhone = "UIInterfaceOrientationPortrait UIInterfaceOrientationLandscapeLeft UIInterfaceOrientationLandscapeRight";
				IPHONEOS_DEPLOYMENT_TARGET = 14.0;
				LD_RUNPATH_SEARCH_PATHS = (
					"$(inherited)",
					"@executable_path/Frameworks",
				);
				MARKETING_VERSION = 1.0;
				PRODUCT_BUNDLE_IDENTIFIER = ETV.EiropasSkola;
				PRODUCT_NAME = "$(TARGET_NAME)";
				SWIFT_EMIT_LOC_STRINGS = YES;
				SWIFT_VERSION = 5.0;
				TARGETED_DEVICE_FAMILY = "1,2";
			};
			name = Release;
		};
/* End XCBuildConfiguration section */

/* Begin XCConfigurationList section */
		8A98DE742935139E00C9B91B /* Build configuration list for PBXProject "EiropasSkola" */ = {
			isa = XCConfigurationList;
			buildConfigurations = (
				8A98DE8B293513A100C9B91B /* Debug */,
				8A98DE8C293513A100C9B91B /* Release */,
			);
			defaultConfigurationIsVisible = 0;
			defaultConfigurationName = Release;
		};
		8A98DE8D293513A100C9B91B /* Build configuration list for PBXNativeTarget "EiropasSkola" */ = {
			isa = XCConfigurationList;
			buildConfigurations = (
				8A98DE8E293513A100C9B91B /* Debug */,
				8A98DE8F293513A100C9B91B /* Release */,
			);
			defaultConfigurationIsVisible = 0;
			defaultConfigurationName = Release;
		};
/* End XCConfigurationList section */
	};
	rootObject = 8A98DE712935139E00C9B91B /* Project object */;
}
